
Microsoft Visual Studio Solution File, Format Version 12.00
# Visual Studio Version 16
VisualStudioVersion = 16.0.30717.126
MinimumVisualStudioVersion = 10.0.40219.1
Project("{2150E333-8FDC-42A3-9474-1A3956D46DE8}") = "CleanArch.Core", "CleanArch.Core", "{AB0F22B9-56EA-49BF-8B52-3B326019A70E}"
EndProject
Project("{2150E333-8FDC-42A3-9474-1A3956D46DE8}") = "CleanArch.Infra.Data", "CleanArch.Infra.Data", "{1056A219-6F70-42E6-8493-892E877ABE4F}"
	ProjectSection(SolutionItems) = preProject
		RepositoryContext.cs = RepositoryContext.cs
	EndProjectSection
EndProject
Project("{2150E333-8FDC-42A3-9474-1A3956D46DE8}") = "CleanArch.UI.MVC", "CleanArch.UI.MVC", "{247C08D9-32D2-4063-A7AB-35BA3CEC0ED3}"
EndProject
Project("{2150E333-8FDC-42A3-9474-1A3956D46DE8}") = "CleanArch.Infra.Ioc", "CleanArch.Infra.Ioc", "{30BC63EA-C34E-4373-96FC-221E75D05FBD}"
EndProject
Project("{2150E333-8FDC-42A3-9474-1A3956D46DE8}") = "CleanArch.Domain", "CleanArch.Domain", "{D624D320-5E13-49BC-88FE-F79CCC0CC671}"
EndProject
Project("{2150E333-8FDC-42A3-9474-1A3956D46DE8}") = "CleanArch.WebApi", "CleanArch.WebApi", "{ABCE506C-DDFA-4B52-A2D4-CC80EEB4FEF1}"
EndProject
Project("{FAE04EC0-301F-11D3-BF4B-00C04F79EFBC}") = "WebApi", "WebApi\WebApi.csproj", "{F410C8EF-607F-4F02-803F-A18EB77CABEE}"
EndProject
Global
	GlobalSection(SolutionConfigurationPlatforms) = preSolution
		Debug|Any CPU = Debug|Any CPU
		Release|Any CPU = Release|Any CPU
	EndGlobalSection
	GlobalSection(ProjectConfigurationPlatforms) = postSolution
		{F410C8EF-607F-4F02-803F-A18EB77CABEE}.Debug|Any CPU.ActiveCfg = Debug|Any CPU
		{F410C8EF-607F-4F02-803F-A18EB77CABEE}.Debug|Any CPU.Build.0 = Debug|Any CPU
		{F410C8EF-607F-4F02-803F-A18EB77CABEE}.Release|Any CPU.ActiveCfg = Release|Any CPU
		{F410C8EF-607F-4F02-803F-A18EB77CABEE}.Release|Any CPU.Build.0 = Release|Any CPU
	EndGlobalSection
	GlobalSection(SolutionProperties) = preSolution
		HideSolutionNode = FALSE
	EndGlobalSection
	GlobalSection(NestedProjects) = preSolution
		{F410C8EF-607F-4F02-803F-A18EB77CABEE} = {ABCE506C-DDFA-4B52-A2D4-CC80EEB4FEF1}
	EndGlobalSection
	GlobalSection(ExtensibilityGlobals) = postSolution
		SolutionGuid = {8BF4F8E3-FEAD-4B64-AB8A-D94F3CCE328D}
	EndGlobalSection
EndGlobal
